
Microsoft Visual Studio Solution File, Format Version 12.00
# Visual Studio Version 17
VisualStudioVersion = 17.1.31911.260
MinimumVisualStudioVersion = 10.0.40219.1
Project("{9A19103F-16F7-4668-BE54-9A1E7A4F7556}") = "NetworkInfomation", "NetCode\NetworkInfomation.csproj", "{14CF3C9D-778F-49E5-BCC0-E75597871FCD}"
EndProject
Project("{9A19103F-16F7-4668-BE54-9A1E7A4F7556}") = "Test", "Test\Test.csproj", "{AFC2B07A-ECCE-44CF-A085-7F5E457A1F4B}"
EndProject
Global
	GlobalSection(SolutionConfigurationPlatforms) = preSolution
		Debug|Any CPU = Debug|Any CPU
		Release|Any CPU = Release|Any CPU
	EndGlobalSection
	GlobalSection(ProjectConfigurationPlatforms) = postSolution
		{14CF3C9D-778F-49E5-BCC0-E75597871FCD}.Debug|Any CPU.ActiveCfg = Debug|Any CPU
		{14CF3C9D-778F-49E5-BCC0-E75597871FCD}.Debug|Any CPU.Build.0 = Debug|Any CPU
		{14CF3C9D-778F-49E5-BCC0-E75597871FCD}.Release|Any CPU.ActiveCfg = Release|Any CPU
		{14CF3C9D-778F-49E5-BCC0-E75597871FCD}.Release|Any CPU.Build.0 = Release|Any CPU
		{AFC2B07A-ECCE-44CF-A085-7F5E457A1F4B}.Debug|Any CPU.ActiveCfg = Debug|Any CPU
		{AFC2B07A-ECCE-44CF-A085-7F5E457A1F4B}.Debug|Any CPU.Build.0 = Debug|Any CPU
		{AFC2B07A-ECCE-44CF-A085-7F5E457A1F4B}.Release|Any CPU.ActiveCfg = Release|Any CPU
		{AFC2B07A-ECCE-44CF-A085-7F5E457A1F4B}.Release|Any CPU.Build.0 = Release|Any CPU
	EndGlobalSection
	GlobalSection(SolutionProperties) = preSolution
		HideSolutionNode = FALSE
	EndGlobalSection
	GlobalSection(ExtensibilityGlobals) = postSolution
		SolutionGuid = {21268AA8-C370-4F1A-B042-115DBE4B038B}
	EndGlobalSection
EndGlobal
